
Microsoft Visual Studio Solution File, Format Version 9.00
# Visual Studio 2005
Project("{8BC9CEB8-8B4A-11D0-8D11-00A0C91BC942}") = "pacman", "pacman_vs2005.vcproj", "{AC46D404-7D80-43B8-B1B9-EB064C017D70}"
EndProject
Global
	GlobalSection(SolutionConfigurationPlatforms) = preSolution
		Debug|Win32 = Debug|Win32
		Release|Win32 = Release|Win32
	EndGlobalSection
	GlobalSection(ProjectConfigurationPlatforms) = postSolution
		{AC46D404-7D80-43B8-B1B9-EB064C017D70}.Debug|Win32.ActiveCfg = Debug|Win32
		{AC46D404-7D80-43B8-B1B9-EB064C017D70}.Debug|Win32.Build.0 = Debug|Win32
		{AC46D404-7D80-43B8-B1B9-EB064C017D70}.Release|Win32.ActiveCfg = Release|Win32
		{AC46D404-7D80-43B8-B1B9-EB064C017D70}.Release|Win32.Build.0 = Release|Win32
	EndGlobalSection
	GlobalSection(SolutionProperties) = preSolution
		HideSolutionNode = FALSE
	EndGlobalSection
EndGlobal
